
Microsoft Visual Studio Solution File, Format Version 12.00
# Visual Studio 14
VisualStudioVersion = 14.0.25420.1
MinimumVisualStudioVersion = 10.0.40219.1
Project("{FAE04EC0-301F-11D3-BF4B-00C04F79EFBC}") = "WiinScale", "WiinScale\WiinScale.csproj", "{99B4734E-3694-4A4A-BE02-D2FD41F01260}"
	ProjectSection(ProjectDependencies) = postProject
		{484414BA-B088-3E2A-A367-7BCC762462BF} = {484414BA-B088-3E2A-A367-7BCC762462BF}
		{6D610BDA-9461-4B15-9409-8187063624FB} = {6D610BDA-9461-4B15-9409-8187063624FB}
	EndProjectSection
EndProject
Project("{8BC9CEB8-8B4A-11D0-8D11-00A0C91BC942}") = "wiiuse", "wiiuse\build\src\wiiuse.vcxproj", "{484414BA-B088-3E2A-A367-7BCC762462BF}"
EndProject
Project("{8BC9CEB8-8B4A-11D0-8D11-00A0C91BC942}") = "wiiuseexample", "wiiuse\build\example\wiiuseexample.vcxproj", "{94D4B5E8-5C1D-3C85-B30B-744E9931A8BF}"
EndProject
Project("{8BC9CEB8-8B4A-11D0-8D11-00A0C91BC942}") = "wiiuse_board", "wiiuse_board\wiiuse_board.vcxproj", "{6D610BDA-9461-4B15-9409-8187063624FB}"
	ProjectSection(ProjectDependencies) = postProject
		{484414BA-B088-3E2A-A367-7BCC762462BF} = {484414BA-B088-3E2A-A367-7BCC762462BF}
	EndProjectSection
EndProject
Global
	GlobalSection(SolutionConfigurationPlatforms) = preSolution
		Debug|Any CPU = Debug|Any CPU
		Debug|x64 = Debug|x64
		Debug|x86 = Debug|x86
		MinSizeRel|Any CPU = MinSizeRel|Any CPU
		MinSizeRel|x64 = MinSizeRel|x64
		MinSizeRel|x86 = MinSizeRel|x86
		Release|Any CPU = Release|Any CPU
		Release|x64 = Release|x64
		Release|x86 = Release|x86
		RelWithDebInfo|Any CPU = RelWithDebInfo|Any CPU
		RelWithDebInfo|x64 = RelWithDebInfo|x64
		RelWithDebInfo|x86 = RelWithDebInfo|x86
	EndGlobalSection
	GlobalSection(ProjectConfigurationPlatforms) = postSolution
		{99B4734E-3694-4A4A-BE02-D2FD41F01260}.Debug|Any CPU.ActiveCfg = Debug|Any CPU
		{99B4734E-3694-4A4A-BE02-D2FD41F01260}.Debug|Any CPU.Build.0 = Debug|Any CPU
		{99B4734E-3694-4A4A-BE02-D2FD41F01260}.Debug|x64.ActiveCfg = Debug|Any CPU
		{99B4734E-3694-4A4A-BE02-D2FD41F01260}.Debug|x64.Build.0 = Debug|Any CPU
		{99B4734E-3694-4A4A-BE02-D2FD41F01260}.Debug|x86.ActiveCfg = Debug|Any CPU
		{99B4734E-3694-4A4A-BE02-D2FD41F01260}.Debug|x86.Build.0 = Debug|Any CPU
		{99B4734E-3694-4A4A-BE02-D2FD41F01260}.MinSizeRel|Any CPU.ActiveCfg = Release|Any CPU
		{99B4734E-3694-4A4A-BE02-D2FD41F01260}.MinSizeRel|Any CPU.Build.0 = Release|Any CPU
		{99B4734E-3694-4A4A-BE02-D2FD41F01260}.MinSizeRel|x64.ActiveCfg = Release|Any CPU
		{99B4734E-3694-4A4A-BE02-D2FD41F01260}.MinSizeRel|x64.Build.0 = Release|Any CPU
		{99B4734E-3694-4A4A-BE02-D2FD41F01260}.MinSizeRel|x86.ActiveCfg = Release|Any CPU
		{99B4734E-3694-4A4A-BE02-D2FD41F01260}.MinSizeRel|x86.Build.0 = Release|Any CPU
		{99B4734E-3694-4A4A-BE02-D2FD41F01260}.Release|Any CPU.ActiveCfg = Release|Any CPU
		{99B4734E-3694-4A4A-BE02-D2FD41F01260}.Release|Any CPU.Build.0 = Release|Any CPU
		{99B4734E-3694-4A4A-BE02-D2FD41F01260}.Release|x64.ActiveCfg = Release|Any CPU
		{99B4734E-3694-4A4A-BE02-D2FD41F01260}.Release|x64.Build.0 = Release|Any CPU
		{99B4734E-3694-4A4A-BE02-D2FD41F01260}.Release|x86.ActiveCfg = Release|Any CPU
		{99B4734E-3694-4A4A-BE02-D2FD41F01260}.Release|x86.Build.0 = Release|Any CPU
		{99B4734E-3694-4A4A-BE02-D2FD41F01260}.RelWithDebInfo|Any CPU.ActiveCfg = Release|Any CPU
		{99B4734E-3694-4A4A-BE02-D2FD41F01260}.RelWithDebInfo|Any CPU.Build.0 = Release|Any CPU
		{99B4734E-3694-4A4A-BE02-D2FD41F01260}.RelWithDebInfo|x64.ActiveCfg = Release|Any CPU
		{99B4734E-3694-4A4A-BE02-D2FD41F01260}.RelWithDebInfo|x64.Build.0 = Release|Any CPU
		{99B4734E-3694-4A4A-BE02-D2FD41F01260}.RelWithDebInfo|x86.ActiveCfg = Release|Any CPU
		{99B4734E-3694-4A4A-BE02-D2FD41F01260}.RelWithDebInfo|x86.Build.0 = Release|Any CPU
		{484414BA-B088-3E2A-A367-7BCC762462BF}.Debug|Any CPU.ActiveCfg = Debug|x64
		{484414BA-B088-3E2A-A367-7BCC762462BF}.Debug|x64.ActiveCfg = Debug|x64
		{484414BA-B088-3E2A-A367-7BCC762462BF}.Debug|x64.Build.0 = Debug|x64
		{484414BA-B088-3E2A-A367-7BCC762462BF}.Debug|x86.ActiveCfg = Debug|x64
		{484414BA-B088-3E2A-A367-7BCC762462BF}.MinSizeRel|Any CPU.ActiveCfg = MinSizeRel|x64
		{484414BA-B088-3E2A-A367-7BCC762462BF}.MinSizeRel|x64.ActiveCfg = MinSizeRel|x64
		{484414BA-B088-3E2A-A367-7BCC762462BF}.MinSizeRel|x64.Build.0 = MinSizeRel|x64
		{484414BA-B088-3E2A-A367-7BCC762462BF}.MinSizeRel|x86.ActiveCfg = MinSizeRel|x64
		{484414BA-B088-3E2A-A367-7BCC762462BF}.Release|Any CPU.ActiveCfg = Release|x64
		{484414BA-B088-3E2A-A367-7BCC762462BF}.Release|x64.ActiveCfg = Release|x64
		{484414BA-B088-3E2A-A367-7BCC762462BF}.Release|x64.Build.0 = Release|x64
		{484414BA-B088-3E2A-A367-7BCC762462BF}.Release|x86.ActiveCfg = Release|x64
		{484414BA-B088-3E2A-A367-7BCC762462BF}.RelWithDebInfo|Any CPU.ActiveCfg = RelWithDebInfo|x64
		{484414BA-B088-3E2A-A367-7BCC762462BF}.RelWithDebInfo|x64.ActiveCfg = RelWithDebInfo|x64
		{484414BA-B088-3E2A-A367-7BCC762462BF}.RelWithDebInfo|x64.Build.0 = RelWithDebInfo|x64
		{484414BA-B088-3E2A-A367-7BCC762462BF}.RelWithDebInfo|x86.ActiveCfg = RelWithDebInfo|x64
		{94D4B5E8-5C1D-3C85-B30B-744E9931A8BF}.Debug|Any CPU.ActiveCfg = Debug|x64
		{94D4B5E8-5C1D-3C85-B30B-744E9931A8BF}.Debug|x64.ActiveCfg = Debug|x64
		{94D4B5E8-5C1D-3C85-B30B-744E9931A8BF}.Debug|x64.Build.0 = Debug|x64
		{94D4B5E8-5C1D-3C85-B30B-744E9931A8BF}.Debug|x86.ActiveCfg = Debug|x64
		{94D4B5E8-5C1D-3C85-B30B-744E9931A8BF}.MinSizeRel|Any CPU.ActiveCfg = MinSizeRel|x64
		{94D4B5E8-5C1D-3C85-B30B-744E9931A8BF}.MinSizeRel|x64.ActiveCfg = MinSizeRel|x64
		{94D4B5E8-5C1D-3C85-B30B-744E9931A8BF}.MinSizeRel|x64.Build.0 = MinSizeRel|x64
		{94D4B5E8-5C1D-3C85-B30B-744E9931A8BF}.MinSizeRel|x86.ActiveCfg = MinSizeRel|x64
		{94D4B5E8-5C1D-3C85-B30B-744E9931A8BF}.Release|Any CPU.ActiveCfg = Release|x64
		{94D4B5E8-5C1D-3C85-B30B-744E9931A8BF}.Release|x64.ActiveCfg = Release|x64
		{94D4B5E8-5C1D-3C85-B30B-744E9931A8BF}.Release|x64.Build.0 = Release|x64
		{94D4B5E8-5C1D-3C85-B30B-744E9931A8BF}.Release|x86.ActiveCfg = Release|x64
		{94D4B5E8-5C1D-3C85-B30B-744E9931A8BF}.RelWithDebInfo|Any CPU.ActiveCfg = RelWithDebInfo|x64
		{94D4B5E8-5C1D-3C85-B30B-744E9931A8BF}.RelWithDebInfo|x64.ActiveCfg = RelWithDebInfo|x64
		{94D4B5E8-5C1D-3C85-B30B-744E9931A8BF}.RelWithDebInfo|x64.Build.0 = RelWithDebInfo|x64
		{94D4B5E8-5C1D-3C85-B30B-744E9931A8BF}.RelWithDebInfo|x86.ActiveCfg = RelWithDebInfo|x64
		{6D610BDA-9461-4B15-9409-8187063624FB}.Debug|Any CPU.ActiveCfg = Debug|Win32
		{6D610BDA-9461-4B15-9409-8187063624FB}.Debug|x64.ActiveCfg = Debug|x64
		{6D610BDA-9461-4B15-9409-8187063624FB}.Debug|x64.Build.0 = Debug|x64
		{6D610BDA-9461-4B15-9409-8187063624FB}.Debug|x86.ActiveCfg = Debug|Win32
		{6D610BDA-9461-4B15-9409-8187063624FB}.Debug|x86.Build.0 = Debug|Win32
		{6D610BDA-9461-4B15-9409-8187063624FB}.MinSizeRel|Any CPU.ActiveCfg = Release|x64
		{6D610BDA-9461-4B15-9409-8187063624FB}.MinSizeRel|Any CPU.Build.0 = Release|x64
		{6D610BDA-9461-4B15-9409-8187063624FB}.MinSizeRel|x64.ActiveCfg = Release|x64
		{6D610BDA-9461-4B15-9409-8187063624FB}.MinSizeRel|x64.Build.0 = Release|x64
		{6D610BDA-9461-4B15-9409-8187063624FB}.MinSizeRel|x86.ActiveCfg = Release|Win32
		{6D610BDA-9461-4B15-9409-8187063624FB}.MinSizeRel|x86.Build.0 = Release|Win32
		{6D610BDA-9461-4B15-9409-8187063624FB}.Release|Any CPU.ActiveCfg = Release|Win32
		{6D610BDA-9461-4B15-9409-8187063624FB}.Release|x64.ActiveCfg = Release|x64
		{6D610BDA-9461-4B15-9409-8187063624FB}.Release|x64.Build.0 = Release|x64
		{6D610BDA-9461-4B15-9409-8187063624FB}.Release|x86.ActiveCfg = Release|Win32
		{6D610BDA-9461-4B15-9409-8187063624FB}.Release|x86.Build.0 = Release|Win32
		{6D610BDA-9461-4B15-9409-8187063624FB}.RelWithDebInfo|Any CPU.ActiveCfg = Release|x64
		{6D610BDA-9461-4B15-9409-8187063624FB}.RelWithDebInfo|Any CPU.Build.0 = Release|x64
		{6D610BDA-9461-4B15-9409-8187063624FB}.RelWithDebInfo|x64.ActiveCfg = Release|x64
		{6D610BDA-9461-4B15-9409-8187063624FB}.RelWithDebInfo|x64.Build.0 = Release|x64
		{6D610BDA-9461-4B15-9409-8187063624FB}.RelWithDebInfo|x86.ActiveCfg = Release|Win32
		{6D610BDA-9461-4B15-9409-8187063624FB}.RelWithDebInfo|x86.Build.0 = Release|Win32
	EndGlobalSection
	GlobalSection(SolutionProperties) = preSolution
		HideSolutionNode = FALSE
	EndGlobalSection
EndGlobal
